
Microsoft Visual Studio Solution File, Format Version 12.00
# Visual Studio Version 17
VisualStudioVersion = 17.5.33502.453
MinimumVisualStudioVersion = 10.0.40219.1
Project("{FAE04EC0-301F-11D3-BF4B-00C04F79EFBC}") = "C#_OOPs_Day2_Tasks", "C#_OOPs_Day2_Tasks.csproj", "{F0C230B7-1175-4F04-B464-912951CA345C}"
EndProject
Global
	GlobalSection(SolutionConfigurationPlatforms) = preSolution
		Debug|Any CPU = Debug|Any CPU
		Release|Any CPU = Release|Any CPU
	EndGlobalSection
	GlobalSection(ProjectConfigurationPlatforms) = postSolution
		{F0C230B7-1175-4F04-B464-912951CA345C}.Debug|Any CPU.ActiveCfg = Debug|Any CPU
		{F0C230B7-1175-4F04-B464-912951CA345C}.Debug|Any CPU.Build.0 = Debug|Any CPU
		{F0C230B7-1175-4F04-B464-912951CA345C}.Release|Any CPU.ActiveCfg = Release|Any CPU
		{F0C230B7-1175-4F04-B464-912951CA345C}.Release|Any CPU.Build.0 = Release|Any CPU
	EndGlobalSection
	GlobalSection(SolutionProperties) = preSolution
		HideSolutionNode = FALSE
	EndGlobalSection
	GlobalSection(ExtensibilityGlobals) = postSolution
		SolutionGuid = {E0AAFAC8-8298-4AF3-8D6F-1B5F84892696}
	EndGlobalSection
EndGlobal
