
Microsoft Visual Studio Solution File, Format Version 12.00
# Visual Studio Version 17
VisualStudioVersion = 17.5.33502.453
MinimumVisualStudioVersion = 10.0.40219.1
Project("{FAE04EC0-301F-11D3-BF4B-00C04F79EFBC}") = "C#_Day4_Tasks", "C#_Day4_Tasks.csproj", "{BA1CC5D2-D76C-4382-8F5F-0CAEF1F8F0F8}"
EndProject
Global
	GlobalSection(SolutionConfigurationPlatforms) = preSolution
		Debug|Any CPU = Debug|Any CPU
		Release|Any CPU = Release|Any CPU
	EndGlobalSection
	GlobalSection(ProjectConfigurationPlatforms) = postSolution
		{BA1CC5D2-D76C-4382-8F5F-0CAEF1F8F0F8}.Debug|Any CPU.ActiveCfg = Debug|Any CPU
		{BA1CC5D2-D76C-4382-8F5F-0CAEF1F8F0F8}.Debug|Any CPU.Build.0 = Debug|Any CPU
		{BA1CC5D2-D76C-4382-8F5F-0CAEF1F8F0F8}.Release|Any CPU.ActiveCfg = Release|Any CPU
		{BA1CC5D2-D76C-4382-8F5F-0CAEF1F8F0F8}.Release|Any CPU.Build.0 = Release|Any CPU
	EndGlobalSection
	GlobalSection(SolutionProperties) = preSolution
		HideSolutionNode = FALSE
	EndGlobalSection
	GlobalSection(ExtensibilityGlobals) = postSolution
		SolutionGuid = {3694917E-4A2E-4904-815B-72F1E080F5E5}
	EndGlobalSection
EndGlobal
