
Microsoft Visual Studio Solution File, Format Version 12.00
# Visual Studio Version 17
VisualStudioVersion = 17.5.33502.453
MinimumVisualStudioVersion = 10.0.40219.1
Project("{FAE04EC0-301F-11D3-BF4B-00C04F79EFBC}") = "Practice", "Practice.csproj", "{A4F0DCC2-B94F-4093-9A5A-DF1A6C5B80AD}"
EndProject
Global
	GlobalSection(SolutionConfigurationPlatforms) = preSolution
		Debug|Any CPU = Debug|Any CPU
		Release|Any CPU = Release|Any CPU
	EndGlobalSection
	GlobalSection(ProjectConfigurationPlatforms) = postSolution
		{A4F0DCC2-B94F-4093-9A5A-DF1A6C5B80AD}.Debug|Any CPU.ActiveCfg = Debug|Any CPU
		{A4F0DCC2-B94F-4093-9A5A-DF1A6C5B80AD}.Debug|Any CPU.Build.0 = Debug|Any CPU
		{A4F0DCC2-B94F-4093-9A5A-DF1A6C5B80AD}.Release|Any CPU.ActiveCfg = Release|Any CPU
		{A4F0DCC2-B94F-4093-9A5A-DF1A6C5B80AD}.Release|Any CPU.Build.0 = Release|Any CPU
	EndGlobalSection
	GlobalSection(SolutionProperties) = preSolution
		HideSolutionNode = FALSE
	EndGlobalSection
	GlobalSection(ExtensibilityGlobals) = postSolution
		SolutionGuid = {BACF2DE2-2770-40FE-B930-0F8F0F97DC2B}
	EndGlobalSection
EndGlobal
